
Microsoft Visual Studio Solution File, Format Version 12.00
# Visual Studio Version 17
VisualStudioVersion = 17.6.33829.357
MinimumVisualStudioVersion = 10.0.40219.1
Project("{FAE04EC0-301F-11D3-BF4B-00C04F79EFBC}") = "CSharp_ptbac2", "CSharp_ptbac2.csproj", "{DE24D8DC-A780-4CD4-9FCB-2481FBB7E82C}"
EndProject
Global
	GlobalSection(SolutionConfigurationPlatforms) = preSolution
		Debug|Any CPU = Debug|Any CPU
		Release|Any CPU = Release|Any CPU
	EndGlobalSection
	GlobalSection(ProjectConfigurationPlatforms) = postSolution
		{DE24D8DC-A780-4CD4-9FCB-2481FBB7E82C}.Debug|Any CPU.ActiveCfg = Debug|Any CPU
		{DE24D8DC-A780-4CD4-9FCB-2481FBB7E82C}.Debug|Any CPU.Build.0 = Debug|Any CPU
		{DE24D8DC-A780-4CD4-9FCB-2481FBB7E82C}.Release|Any CPU.ActiveCfg = Release|Any CPU
		{DE24D8DC-A780-4CD4-9FCB-2481FBB7E82C}.Release|Any CPU.Build.0 = Release|Any CPU
	EndGlobalSection
	GlobalSection(SolutionProperties) = preSolution
		HideSolutionNode = FALSE
	EndGlobalSection
	GlobalSection(ExtensibilityGlobals) = postSolution
		SolutionGuid = {5984EEA9-B734-4347-88F5-9603EBC615AB}
	EndGlobalSection
EndGlobal
